{
  "lockfileVersion": 1,
  "workspaces": {
    "": {
      "name": "ahora_mismo",
      "dependencies": {
        "bun.lock": "^0.0.0",
        "kaplay": "^3001.0.18",
        "peerjs": "^1.5.5",
      },
      "devDependencies": {
        "@types/bun": "latest",
      },
      "peerDependencies": {
        "typescript": "^5.0.0",
      },
    },
  },
  "packages": {
    "@msgpack/msgpack": ["@msgpack/msgpack@2.8.0", "", {}, "sha512-h9u4u/jiIRKbq25PM+zymTyW6bhTzELvOoUd+AvYriWOAKpLGnIamaET3pnHYoI5iYphAHBI4ayx0MehR+VVPQ=="],

    "@types/bun": ["@types/bun@1.2.14", "", { "dependencies": { "bun-types": "1.2.14" } }, "sha512-VsFZKs8oKHzI7zwvECiAJ5oSorWndIWEVhfbYqZd4HI/45kzW7PN2Rr5biAzvGvRuNmYLSANY+H59ubHq8xw7Q=="],

    "@types/node": ["@types/node@22.15.21", "", { "dependencies": { "undici-types": "~6.21.0" } }, "sha512-EV/37Td6c+MgKAbkcLG6vqZ2zEYHD7bvSrzqqs2RIhbA6w3x+Dqz8MZM3sP6kGTeLrdoOgKZe+Xja7tUB2DNkQ=="],

    "bun-types": ["bun-types@1.2.14", "", { "dependencies": { "@types/node": "*" } }, "sha512-Kuh4Ub28ucMRWeiUUWMHsT9Wcbr4H3kLIO72RZZElSDxSu7vpetRvxIUDUaW6QtaIeixIpm7OXtNnZPf82EzwA=="],

    "bun.lock": ["bun.lock@0.0.0", "", { "peerDependencies": { "typescript": "^5" } }, "sha512-oLtVECqgbomqUMZRtSUrjD3IqtrrMir3OBaErHPwrNo7NlQ8Otre2s+zlv7D3+c+k4OvDVo2buHwdWgPiH5R2g=="],

    "eventemitter3": ["eventemitter3@4.0.7", "", {}, "sha512-8guHBZCwKnFhYdHr2ysuRWErTwhoN2X8XELRlrRwpmfeY2jjuUN4taQMsULKUVo1K4DvZl+0pgfyoysHxvmvEw=="],

    "kaplay": ["kaplay@3001.0.18", "", {}, "sha512-OjyyRBc7M0ekcHTT8EXD65K88NYuVA5kNH6NAlP2U7sXuVK5XJUWhGpvDM34SCA7+6T1jGh9OqXb30tSweM5Ow=="],

    "peerjs": ["peerjs@1.5.5", "", { "dependencies": { "@msgpack/msgpack": "^2.8.0", "eventemitter3": "^4.0.7", "peerjs-js-binarypack": "^2.1.0", "webrtc-adapter": "^9.0.0" } }, "sha512-viMUCPDL6CSfOu0ZqVcFqbWRXNHIbv2lPqNbrBIjbFYrflebOjItJ4hPfhjnuUCstqciHVu9vVJ7jFqqKi/EuQ=="],

    "peerjs-js-binarypack": ["peerjs-js-binarypack@2.1.0", "", {}, "sha512-YIwCC+pTzp3Bi8jPI9UFKO0t0SLo6xALnHkiNt/iUFmUUZG0fEEmEyFKvjsDKweiFitzHRyhuh6NvyJZ4nNxMg=="],

    "sdp": ["sdp@3.2.0", "", {}, "sha512-d7wDPgDV3DDiqulJjKiV2865wKsJ34YI+NDREbm+FySq6WuKOikwyNQcm+doLAZ1O6ltdO0SeKle2xMpN3Brgw=="],

    "typescript": ["typescript@5.8.3", "", { "bin": { "tsc": "bin/tsc", "tsserver": "bin/tsserver" } }, "sha512-p1diW6TqL9L07nNxvRMM7hMMw4c5XOo/1ibL4aAIGmSAt9slTE1Xgw5KWuof2uTOvCg9BY7ZRi+GaF+7sfgPeQ=="],

    "undici-types": ["undici-types@6.21.0", "", {}, "sha512-iwDZqg0QAGrg9Rav5H4n0M64c3mkR59cJ6wQp+7C4nI0gsmExaedaYLNO44eT4AtBBwjbTiGPMlt2Md0T9H9JQ=="],

    "webrtc-adapter": ["webrtc-adapter@9.0.3", "", { "dependencies": { "sdp": "^3.2.0" } }, "sha512-5fALBcroIl31OeXAdd1YUntxiZl1eHlZZWzNg3U4Fn+J9/cGL3eT80YlrsWGvj2ojuz1rZr2OXkgCzIxAZ7vRQ=="],
  }
}
